
Microsoft Visual Studio Solution File, Format Version 12.00
# Visual Studio Version 17
VisualStudioVersion = 17.14.37111.16
MinimumVisualStudioVersion = 10.0.40219.1
Project("{FAE04EC0-301F-11D3-BF4B-00C04F79EFBC}") = "ProjectDataBase", "ProjectDataBase\ProjectDataBase.csproj", "{A37FFFD1-6B80-41A4-B60A-5D433A65A42F}"
EndProject
Project("{FAE04EC0-301F-11D3-BF4B-00C04F79EFBC}") = "DatabaseController", "DatabaseController\DatabaseController.csproj", "{FAD3AB27-6130-4AE0-82CD-040C8CBB59DC}"
EndProject
Global
	GlobalSection(SolutionConfigurationPlatforms) = preSolution
		Debug|Any CPU = Debug|Any CPU
		Debug|x64 = Debug|x64
		Release|Any CPU = Release|Any CPU
		Release|x64 = Release|x64
	EndGlobalSection
	GlobalSection(ProjectConfigurationPlatforms) = postSolution
		{A37FFFD1-6B80-41A4-B60A-5D433A65A42F}.Debug|Any CPU.ActiveCfg = Debug|Any CPU
		{A37FFFD1-6B80-41A4-B60A-5D433A65A42F}.Debug|Any CPU.Build.0 = Debug|Any CPU
		{A37FFFD1-6B80-41A4-B60A-5D433A65A42F}.Debug|x64.ActiveCfg = Debug|x64
		{A37FFFD1-6B80-41A4-B60A-5D433A65A42F}.Debug|x64.Build.0 = Debug|x64
		{A37FFFD1-6B80-41A4-B60A-5D433A65A42F}.Release|Any CPU.ActiveCfg = Release|Any CPU
		{A37FFFD1-6B80-41A4-B60A-5D433A65A42F}.Release|Any CPU.Build.0 = Release|Any CPU
		{A37FFFD1-6B80-41A4-B60A-5D433A65A42F}.Release|x64.ActiveCfg = Release|x64
		{A37FFFD1-6B80-41A4-B60A-5D433A65A42F}.Release|x64.Build.0 = Release|x64
		{FAD3AB27-6130-4AE0-82CD-040C8CBB59DC}.Debug|Any CPU.ActiveCfg = Debug|Any CPU
		{FAD3AB27-6130-4AE0-82CD-040C8CBB59DC}.Debug|Any CPU.Build.0 = Debug|Any CPU
		{FAD3AB27-6130-4AE0-82CD-040C8CBB59DC}.Debug|x64.ActiveCfg = Debug|Any CPU
		{FAD3AB27-6130-4AE0-82CD-040C8CBB59DC}.Debug|x64.Build.0 = Debug|Any CPU
		{FAD3AB27-6130-4AE0-82CD-040C8CBB59DC}.Release|Any CPU.ActiveCfg = Release|Any CPU
		{FAD3AB27-6130-4AE0-82CD-040C8CBB59DC}.Release|Any CPU.Build.0 = Release|Any CPU
		{FAD3AB27-6130-4AE0-82CD-040C8CBB59DC}.Release|x64.ActiveCfg = Release|Any CPU
		{FAD3AB27-6130-4AE0-82CD-040C8CBB59DC}.Release|x64.Build.0 = Release|Any CPU
	EndGlobalSection
	GlobalSection(SolutionProperties) = preSolution
		HideSolutionNode = FALSE
	EndGlobalSection
	GlobalSection(ExtensibilityGlobals) = postSolution
		SolutionGuid = {2AEBFDCB-98DE-406E-8F83-026A60DD79B4}
	EndGlobalSection
EndGlobal
